
Microsoft Visual Studio Solution File, Format Version 12.00
Project("{FAE04EC0-301F-11D3-BF4B-00C04F79EFBC}") = "PrescriptionApp", "PrescriptionApp\PrescriptionApp.csproj", "{83A366AA-E2DE-457E-8DBC-D1D7720BC6E4}"
EndProject
Global
	GlobalSection(SolutionConfigurationPlatforms) = preSolution
		Debug|Any CPU = Debug|Any CPU
		Release|Any CPU = Release|Any CPU
	EndGlobalSection
	GlobalSection(ProjectConfigurationPlatforms) = postSolution
		{83A366AA-E2DE-457E-8DBC-D1D7720BC6E4}.Debug|Any CPU.ActiveCfg = Debug|Any CPU
		{83A366AA-E2DE-457E-8DBC-D1D7720BC6E4}.Debug|Any CPU.Build.0 = Debug|Any CPU
		{83A366AA-E2DE-457E-8DBC-D1D7720BC6E4}.Release|Any CPU.ActiveCfg = Release|Any CPU
		{83A366AA-E2DE-457E-8DBC-D1D7720BC6E4}.Release|Any CPU.Build.0 = Release|Any CPU
	EndGlobalSection
EndGlobal
